# This file is generated by running "yarn install" inside your project.
# Manual changes might be lost - proceed with caution!

__metadata:
  version: 8
  cacheKey: 10c0

"@clack/core@npm:0.5.0":
  version: 0.5.0
  resolution: "@clack/core@npm:0.5.0"
  dependencies:
    picocolors: "npm:^1.0.0"
    sisteransi: "npm:^1.0.5"
  checksum: 10c0/ef55dce4b0a4802171b71fe595865a6452c7cf823d162df7fa9afe2ea5a594b9d97e0b8e2880c2a805f2ce1d2f782cb1637d9f8d2ab8b99010af3a20816fae5a
  languageName: node
  linkType: hard

"@clack/prompts@npm:^0.11.0":
  version: 0.11.0
  resolution: "@clack/prompts@npm:0.11.0"
  dependencies:
    "@clack/core": "npm:0.5.0"
    picocolors: "npm:^1.0.0"
    sisteransi: "npm:^1.0.5"
  checksum: 10c0/4c573f2adec3b9109fe861e36312be8ae7cc6e80a5128aa784b9aeafeda5001b23f66c08eca50f4491119b435d9587ec9862956be8c5be472ec3373275003ba8
  languageName: node
  linkType: hard

"@esbuild/aix-ppc64@npm:0.25.6":
  version: 0.25.6
  resolution: "@esbuild/aix-ppc64@npm:0.25.6"
  conditions: os=aix & cpu=ppc64
  languageName: node
  linkType: hard

"@esbuild/android-arm64@npm:0.25.6":
  version: 0.25.6
  resolution: "@esbuild/android-arm64@npm:0.25.6"
  conditions: os=android & cpu=arm64
  languageName: node
  linkType: hard

"@esbuild/android-arm@npm:0.25.6":
  version: 0.25.6
  resolution: "@esbuild/android-arm@npm:0.25.6"
  conditions: os=android & cpu=arm
  languageName: node
  linkType: hard

"@esbuild/android-x64@npm:0.25.6":
  version: 0.25.6
  resolution: "@esbuild/android-x64@npm:0.25.6"
  conditions: os=android & cpu=x64
  languageName: node
  linkType: hard

"@esbuild/darwin-arm64@npm:0.25.6":
  version: 0.25.6
  resolution: "@esbuild/darwin-arm64@npm:0.25.6"
  conditions: os=darwin & cpu=arm64
  languageName: node
  linkType: hard

"@esbuild/darwin-x64@npm:0.25.6":
  version: 0.25.6
  resolution: "@esbuild/darwin-x64@npm:0.25.6"
  conditions: os=darwin & cpu=x64
  languageName: node
  linkType: hard

"@esbuild/freebsd-arm64@npm:0.25.6":
  version: 0.25.6
  resolution: "@esbuild/freebsd-arm64@npm:0.25.6"
  conditions: os=freebsd & cpu=arm64
  languageName: node
  linkType: hard

"@esbuild/freebsd-x64@npm:0.25.6":
  version: 0.25.6
  resolution: "@esbuild/freebsd-x64@npm:0.25.6"
  conditions: os=freebsd & cpu=x64
  languageName: node
  linkType: hard

"@esbuild/linux-arm64@npm:0.25.6":
  version: 0.25.6
  resolution: "@esbuild/linux-arm64@npm:0.25.6"
  conditions: os=linux & cpu=arm64
  languageName: node
  linkType: hard

"@esbuild/linux-arm@npm:0.25.6":
  version: 0.25.6
  resolution: "@esbuild/linux-arm@npm:0.25.6"
  conditions: os=linux & cpu=arm
  languageName: node
  linkType: hard

"@esbuild/linux-ia32@npm:0.25.6":
  version: 0.25.6
  resolution: "@esbuild/linux-ia32@npm:0.25.6"
  conditions: os=linux & cpu=ia32
  languageName: node
  linkType: hard

"@esbuild/linux-loong64@npm:0.25.6":
  version: 0.25.6
  resolution: "@esbuild/linux-loong64@npm:0.25.6"
  conditions: os=linux & cpu=loong64
  languageName: node
  linkType: hard

"@esbuild/linux-mips64el@npm:0.25.6":
  version: 0.25.6
  resolution: "@esbuild/linux-mips64el@npm:0.25.6"
  conditions: os=linux & cpu=mips64el
  languageName: node
  linkType: hard

"@esbuild/linux-ppc64@npm:0.25.6":
  version: 0.25.6
  resolution: "@esbuild/linux-ppc64@npm:0.25.6"
  conditions: os=linux & cpu=ppc64
  languageName: node
  linkType: hard

"@esbuild/linux-riscv64@npm:0.25.6":
  version: 0.25.6
  resolution: "@esbuild/linux-riscv64@npm:0.25.6"
  conditions: os=linux & cpu=riscv64
  languageName: node
  linkType: hard

"@esbuild/linux-s390x@npm:0.25.6":
  version: 0.25.6
  resolution: "@esbuild/linux-s390x@npm:0.25.6"
  conditions: os=linux & cpu=s390x
  languageName: node
  linkType: hard

"@esbuild/linux-x64@npm:0.25.6":
  version: 0.25.6
  resolution: "@esbuild/linux-x64@npm:0.25.6"
  conditions: os=linux & cpu=x64
  languageName: node
  linkType: hard

"@esbuild/netbsd-arm64@npm:0.25.6":
  version: 0.25.6
  resolution: "@esbuild/netbsd-arm64@npm:0.25.6"
  conditions: os=netbsd & cpu=arm64
  languageName: node
  linkType: hard

"@esbuild/netbsd-x64@npm:0.25.6":
  version: 0.25.6
  resolution: "@esbuild/netbsd-x64@npm:0.25.6"
  conditions: os=netbsd & cpu=x64
  languageName: node
  linkType: hard

"@esbuild/openbsd-arm64@npm:0.25.6":
  version: 0.25.6
  resolution: "@esbuild/openbsd-arm64@npm:0.25.6"
  conditions: os=openbsd & cpu=arm64
  languageName: node
  linkType: hard

"@esbuild/openbsd-x64@npm:0.25.6":
  version: 0.25.6
  resolution: "@esbuild/openbsd-x64@npm:0.25.6"
  conditions: os=openbsd & cpu=x64
  languageName: node
  linkType: hard

"@esbuild/openharmony-arm64@npm:0.25.6":
  version: 0.25.6
  resolution: "@esbuild/openharmony-arm64@npm:0.25.6"
  conditions: os=openharmony & cpu=arm64
  languageName: node
  linkType: hard

"@esbuild/sunos-x64@npm:0.25.6":
  version: 0.25.6
  resolution: "@esbuild/sunos-x64@npm:0.25.6"
  conditions: os=sunos & cpu=x64
  languageName: node
  linkType: hard

"@esbuild/win32-arm64@npm:0.25.6":
  version: 0.25.6
  resolution: "@esbuild/win32-arm64@npm:0.25.6"
  conditions: os=win32 & cpu=arm64
  languageName: node
  linkType: hard

"@esbuild/win32-ia32@npm:0.25.6":
  version: 0.25.6
  resolution: "@esbuild/win32-ia32@npm:0.25.6"
  conditions: os=win32 & cpu=ia32
  languageName: node
  linkType: hard

"@esbuild/win32-x64@npm:0.25.6":
  version: 0.25.6
  resolution: "@esbuild/win32-x64@npm:0.25.6"
  conditions: os=win32 & cpu=x64
  languageName: node
  linkType: hard

"@types/node@npm:^24.0.14":
  version: 24.0.14
  resolution: "@types/node@npm:24.0.14"
  dependencies:
    undici-types: "npm:~7.8.0"
  checksum: 10c0/536b5a816554ad1522e9e0c1d517b317f8478798bd76a332d83690aa42b19b5b263eb295ee25f9d0badb430ee6e36412ee9070cb5e3359f6bdcf7e08f94302f1
  languageName: node
  linkType: hard

"esbuild@npm:^0.25.6":
  version: 0.25.6
  resolution: "esbuild@npm:0.25.6"
  dependencies:
    "@esbuild/aix-ppc64": "npm:0.25.6"
    "@esbuild/android-arm": "npm:0.25.6"
    "@esbuild/android-arm64": "npm:0.25.6"
    "@esbuild/android-x64": "npm:0.25.6"
    "@esbuild/darwin-arm64": "npm:0.25.6"
    "@esbuild/darwin-x64": "npm:0.25.6"
    "@esbuild/freebsd-arm64": "npm:0.25.6"
    "@esbuild/freebsd-x64": "npm:0.25.6"
    "@esbuild/linux-arm": "npm:0.25.6"
    "@esbuild/linux-arm64": "npm:0.25.6"
    "@esbuild/linux-ia32": "npm:0.25.6"
    "@esbuild/linux-loong64": "npm:0.25.6"
    "@esbuild/linux-mips64el": "npm:0.25.6"
    "@esbuild/linux-ppc64": "npm:0.25.6"
    "@esbuild/linux-riscv64": "npm:0.25.6"
    "@esbuild/linux-s390x": "npm:0.25.6"
    "@esbuild/linux-x64": "npm:0.25.6"
    "@esbuild/netbsd-arm64": "npm:0.25.6"
    "@esbuild/netbsd-x64": "npm:0.25.6"
    "@esbuild/openbsd-arm64": "npm:0.25.6"
    "@esbuild/openbsd-x64": "npm:0.25.6"
    "@esbuild/openharmony-arm64": "npm:0.25.6"
    "@esbuild/sunos-x64": "npm:0.25.6"
    "@esbuild/win32-arm64": "npm:0.25.6"
    "@esbuild/win32-ia32": "npm:0.25.6"
    "@esbuild/win32-x64": "npm:0.25.6"
  dependenciesMeta:
    "@esbuild/aix-ppc64":
      optional: true
    "@esbuild/android-arm":
      optional: true
    "@esbuild/android-arm64":
      optional: true
    "@esbuild/android-x64":
      optional: true
    "@esbuild/darwin-arm64":
      optional: true
    "@esbuild/darwin-x64":
      optional: true
    "@esbuild/freebsd-arm64":
      optional: true
    "@esbuild/freebsd-x64":
      optional: true
    "@esbuild/linux-arm":
      optional: true
    "@esbuild/linux-arm64":
      optional: true
    "@esbuild/linux-ia32":
      optional: true
    "@esbuild/linux-loong64":
      optional: true
    "@esbuild/linux-mips64el":
      optional: true
    "@esbuild/linux-ppc64":
      optional: true
    "@esbuild/linux-riscv64":
      optional: true
    "@esbuild/linux-s390x":
      optional: true
    "@esbuild/linux-x64":
      optional: true
    "@esbuild/netbsd-arm64":
      optional: true
    "@esbuild/netbsd-x64":
      optional: true
    "@esbuild/openbsd-arm64":
      optional: true
    "@esbuild/openbsd-x64":
      optional: true
    "@esbuild/openharmony-arm64":
      optional: true
    "@esbuild/sunos-x64":
      optional: true
    "@esbuild/win32-arm64":
      optional: true
    "@esbuild/win32-ia32":
      optional: true
    "@esbuild/win32-x64":
      optional: true
  bin:
    esbuild: bin/esbuild
  checksum: 10c0/6c2ddc66d8789d75bfa940fddf51a6a98b0fcb474f090669b47091f587e8c3e8e7da57d769b770fd8133268dd5bfc7055318aea0bca6f7c725220d7550437b42
  languageName: node
  linkType: hard

"mri@npm:^1.2.0":
  version: 1.2.0
  resolution: "mri@npm:1.2.0"
  checksum: 10c0/a3d32379c2554cf7351db6237ddc18dc9e54e4214953f3da105b97dc3babe0deb3ffe99cf409b38ea47cc29f9430561ba6b53b24ab8f9ce97a4b50409e4a50e7
  languageName: node
  linkType: hard

"picocolors@npm:^1.0.0":
  version: 1.1.1
  resolution: "picocolors@npm:1.1.1"
  checksum: 10c0/e2e3e8170ab9d7c7421969adaa7e1b31434f789afb9b3f115f6b96d91945041ac3ceb02e9ec6fe6510ff036bcc0bf91e69a1772edc0b707e12b19c0f2d6bcf58
  languageName: node
  linkType: hard

"sisteransi@npm:^1.0.5":
  version: 1.0.5
  resolution: "sisteransi@npm:1.0.5"
  checksum: 10c0/230ac975cca485b7f6fe2b96a711aa62a6a26ead3e6fb8ba17c5a00d61b8bed0d7adc21f5626b70d7c33c62ff4e63933017a6462942c719d1980bb0b1207ad46
  languageName: node
  linkType: hard

"test@workspace:.":
  version: 0.0.0-use.local
  resolution: "test@workspace:."
  dependencies:
    "@clack/prompts": "npm:^0.11.0"
    "@types/node": "npm:^24.0.14"
    esbuild: "npm:^0.25.6"
    mri: "npm:^1.2.0"
    typescript: "npm:^5.8.3"
  bin:
    test: dist/index.js
  languageName: unknown
  linkType: soft

"typescript@npm:^5.8.3":
  version: 5.8.3
  resolution: "typescript@npm:5.8.3"
  bin:
    tsc: bin/tsc
    tsserver: bin/tsserver
  checksum: 10c0/5f8bb01196e542e64d44db3d16ee0e4063ce4f3e3966df6005f2588e86d91c03e1fb131c2581baf0fb65ee79669eea6e161cd448178986587e9f6844446dbb48
  languageName: node
  linkType: hard

"typescript@patch:typescript@npm%3A^5.8.3#optional!builtin<compat/typescript>":
  version: 5.8.3
  resolution: "typescript@patch:typescript@npm%3A5.8.3#optional!builtin<compat/typescript>::version=5.8.3&hash=5786d5"
  bin:
    tsc: bin/tsc
    tsserver: bin/tsserver
  checksum: 10c0/39117e346ff8ebd87ae1510b3a77d5d92dae5a89bde588c747d25da5c146603a99c8ee588c7ef80faaf123d89ed46f6dbd918d534d641083177d5fac38b8a1cb
  languageName: node
  linkType: hard

"undici-types@npm:~7.8.0":
  version: 7.8.0
  resolution: "undici-types@npm:7.8.0"
  checksum: 10c0/9d9d246d1dc32f318d46116efe3cfca5a72d4f16828febc1918d94e58f6ffcf39c158aa28bf5b4fc52f410446bc7858f35151367bd7a49f21746cab6497b709b
  languageName: node
  linkType: hard
